
Microsoft Visual Studio Solution File, Format Version 12.00
# Visual Studio Version 17
VisualStudioVersion = 17.12.35707.178 d17.12
MinimumVisualStudioVersion = 10.0.40219.1
Project("{FAE04EC0-301F-11D3-BF4B-00C04F79EFBC}") = "AGFactory.Backend", "AGFactory.Backend\AGFactory.Backend.csproj", "{0DA37B10-E94D-4FE9-8658-8F45BE0DFF3B}"
EndProject
Project("{FAE04EC0-301F-11D3-BF4B-00C04F79EFBC}") = "AGFactory.Shared", "AGFactory.Shared\AGFactory.Shared.csproj", "{EADE97A8-60E8-4DC3-9615-39429EC53A98}"
EndProject
Global
	GlobalSection(SolutionConfigurationPlatforms) = preSolution
		Debug|Any CPU = Debug|Any CPU
		Release|Any CPU = Release|Any CPU
	EndGlobalSection
	GlobalSection(ProjectConfigurationPlatforms) = postSolution
		{0DA37B10-E94D-4FE9-8658-8F45BE0DFF3B}.Debug|Any CPU.ActiveCfg = Debug|Any CPU
		{0DA37B10-E94D-4FE9-8658-8F45BE0DFF3B}.Debug|Any CPU.Build.0 = Debug|Any CPU
		{0DA37B10-E94D-4FE9-8658-8F45BE0DFF3B}.Release|Any CPU.ActiveCfg = Release|Any CPU
		{0DA37B10-E94D-4FE9-8658-8F45BE0DFF3B}.Release|Any CPU.Build.0 = Release|Any CPU
		{EADE97A8-60E8-4DC3-9615-39429EC53A98}.Debug|Any CPU.ActiveCfg = Debug|Any CPU
		{EADE97A8-60E8-4DC3-9615-39429EC53A98}.Debug|Any CPU.Build.0 = Debug|Any CPU
		{EADE97A8-60E8-4DC3-9615-39429EC53A98}.Release|Any CPU.ActiveCfg = Release|Any CPU
		{EADE97A8-60E8-4DC3-9615-39429EC53A98}.Release|Any CPU.Build.0 = Release|Any CPU
	EndGlobalSection
	GlobalSection(SolutionProperties) = preSolution
		HideSolutionNode = FALSE
	EndGlobalSection
EndGlobal
